
Microsoft Visual Studio Solution File, Format Version 12.00
# Visual Studio Version 16
VisualStudioVersion = 16.0.30611.23
MinimumVisualStudioVersion = 10.0.40219.1
Project("{FAE04EC0-301F-11D3-BF4B-00C04F79EFBC}") = "JENKINSMVC", "JENKINSMVC.csproj", "{CBFD5E7E-C2E7-449F-BA25-3091CBF20737}"
EndProject
Global
	GlobalSection(SolutionConfigurationPlatforms) = preSolution
		Debug|Any CPU = Debug|Any CPU
		Release|Any CPU = Release|Any CPU
	EndGlobalSection
	GlobalSection(ProjectConfigurationPlatforms) = postSolution
		{CBFD5E7E-C2E7-449F-BA25-3091CBF20737}.Debug|Any CPU.ActiveCfg = Debug|Any CPU
		{CBFD5E7E-C2E7-449F-BA25-3091CBF20737}.Debug|Any CPU.Build.0 = Debug|Any CPU
		{CBFD5E7E-C2E7-449F-BA25-3091CBF20737}.Release|Any CPU.ActiveCfg = Release|Any CPU
		{CBFD5E7E-C2E7-449F-BA25-3091CBF20737}.Release|Any CPU.Build.0 = Release|Any CPU
	EndGlobalSection
	GlobalSection(SolutionProperties) = preSolution
		HideSolutionNode = FALSE
	EndGlobalSection
	GlobalSection(ExtensibilityGlobals) = postSolution
		SolutionGuid = {828E5292-DFE4-4CAA-9BF7-050DD9F1A43C}
	EndGlobalSection
EndGlobal
